
Microsoft Visual Studio Solution File, Format Version 12.00
# Visual Studio Version 16
VisualStudioVersion = 16.0.29215.179
MinimumVisualStudioVersion = 10.0.40219.1
Project("{FAE04EC0-301F-11D3-BF4B-00C04F79EFBC}") = "ToolzAddinOutlook", "ToolzAddinOutlook\ToolzAddinOutlook.csproj", "{864CE1EB-3E7F-44CD-AA99-DB178DE6D785}"
EndProject
Global
	GlobalSection(SolutionConfigurationPlatforms) = preSolution
		Debug|Any CPU = Debug|Any CPU
		Release|Any CPU = Release|Any CPU
	EndGlobalSection
	GlobalSection(ProjectConfigurationPlatforms) = postSolution
		{864CE1EB-3E7F-44CD-AA99-DB178DE6D785}.Debug|Any CPU.ActiveCfg = Debug|Any CPU
		{864CE1EB-3E7F-44CD-AA99-DB178DE6D785}.Debug|Any CPU.Build.0 = Debug|Any CPU
		{864CE1EB-3E7F-44CD-AA99-DB178DE6D785}.Release|Any CPU.ActiveCfg = Release|Any CPU
		{864CE1EB-3E7F-44CD-AA99-DB178DE6D785}.Release|Any CPU.Build.0 = Release|Any CPU
	EndGlobalSection
	GlobalSection(SolutionProperties) = preSolution
		HideSolutionNode = FALSE
	EndGlobalSection
	GlobalSection(ExtensibilityGlobals) = postSolution
		SolutionGuid = {DB62F4F1-E86A-4F54-83CD-C7F2A9DB5D4B}
	EndGlobalSection
EndGlobal
